
Microsoft Visual Studio Solution File, Format Version 12.00
# Visual Studio 2012
Project("{8BC9CEB8-8B4A-11D0-8D11-00A0C91BC942}") = "ch02-FrameWork", "ch02-FrameWork\ch02-FrameWork.vcxproj", "{876C5654-278A-4E0A-8B85-2A020A4846C7}"
EndProject
Project("{8BC9CEB8-8B4A-11D0-8D11-00A0C91BC942}") = "ch01-Setting", "ch01-Setting\ch01-Setting.vcxproj", "{1E5CF7A4-C6DB-401D-84D7-32EE7CD09752}"
EndProject
Project("{8BC9CEB8-8B4A-11D0-8D11-00A0C91BC942}") = "ch03-Init-D3D", "ch03-Init-D3D\ch03-Init-D3D.vcxproj", "{1A1D8E48-7A8A-40B3-A81E-616CC08E21A5}"
EndProject
Project("{8BC9CEB8-8B4A-11D0-8D11-00A0C91BC942}") = "ch04-Buffer-Shader", "ch04-Buffer-Shader\ch04-Buffer-Shader.vcxproj", "{4AA5E349-F018-4AB9-BB68-08B269FF091E}"
EndProject
Project("{8BC9CEB8-8B4A-11D0-8D11-00A0C91BC942}") = "ch05-Texturing", "ch05-Texturing\ch05-Texturing.vcxproj", "{1C58C243-29DE-4FDD-ABA7-D9288AB669BF}"
EndProject
Project("{8BC9CEB8-8B4A-11D0-8D11-00A0C91BC942}") = "ch06-Diffuse-Light", "ch06-Diffuse-Light\ch06-Diffuse-Light.vcxproj", "{3DE57B4D-960B-4E8A-A51D-13D0E7944916}"
EndProject
Project("{8BC9CEB8-8B4A-11D0-8D11-00A0C91BC942}") = "ch07-3D-Space", "ch07-3D-Space\ch07-3D-Space.vcxproj", "{5EED0240-D000-438F-9619-3480281BC610}"
EndProject
Project("{8BC9CEB8-8B4A-11D0-8D11-00A0C91BC942}") = "ch08-Load-Model", "ch08-Load-Model\ch08-Load-Model.vcxproj", "{D768E193-5F12-47D4-A44F-F37E80EBFF6C}"
EndProject
Project("{8BC9CEB8-8B4A-11D0-8D11-00A0C91BC942}") = "ch09-Ambient-Light", "ch09-Ambient-Light\ch09-Ambient-Light.vcxproj", "{DA95B1E6-66C9-4610-91D9-0F9AFD594B49}"
EndProject
Project("{8BC9CEB8-8B4A-11D0-8D11-00A0C91BC942}") = "ch10-Specular-Light", "ch10-Specular-Light\ch10-Specular-Light.vcxproj", "{B33031EC-FFA0-46EF-B7B7-1D66BA9E6585}"
EndProject
Project("{8BC9CEB8-8B4A-11D0-8D11-00A0C91BC942}") = "ch11-2D-Rendering", "ch11-2D-Rendering\ch11-2D-Rendering.vcxproj", "{D3120394-C8AA-467C-987B-ABB4B7AC395C}"
EndProject
Project("{8BC9CEB8-8B4A-11D0-8D11-00A0C91BC942}") = "ch12-Font-Engine", "ch12-Font-Engine\ch12-Font-Engine.vcxproj", "{378BA311-C4E4-4CF7-98E6-CB58E664CCEE}"
EndProject
Project("{8BC9CEB8-8B4A-11D0-8D11-00A0C91BC942}") = "ch13-Direct-Input", "ch13-Direct-Input\ch13-Direct-Input.vcxproj", "{B734948C-FB4B-4B91-A138-457BC3ED320E}"
EndProject
Project("{8BC9CEB8-8B4A-11D0-8D11-00A0C91BC942}") = "ch14-Direct-Sound", "ch14-Direct-Sound\ch14-Direct-Sound.vcxproj", "{EF901BC1-0469-4BA0-B228-4F7679196640}"
EndProject
Project("{8BC9CEB8-8B4A-11D0-8D11-00A0C91BC942}") = "ch15-FPS", "ch15-FPS\ch15-FPS.vcxproj", "{88AE5FA7-938F-44D4-BCEF-D630374AB71A}"
EndProject
Project("{8BC9CEB8-8B4A-11D0-8D11-00A0C91BC942}") = "ch16-Frustum-Culling", "ch16-Frustum-Culling\ch16-Frustum-Culling.vcxproj", "{107F625F-AB33-4501-B252-D05F3F2F662E}"
EndProject
Project("{8BC9CEB8-8B4A-11D0-8D11-00A0C91BC942}") = "ch17-Texture-Array", "ch17-Texture-Array\ch17-Texture-Array.vcxproj", "{B407E3F3-E72C-499F-A9DB-659E76522C08}"
EndProject
Project("{8BC9CEB8-8B4A-11D0-8D11-00A0C91BC942}") = "ch18-Light-Map", "ch18-Light-Map\ch18-Light-Map.vcxproj", "{B5E36853-B765-4A88-BA32-601ED4848112}"
EndProject
Project("{8BC9CEB8-8B4A-11D0-8D11-00A0C91BC942}") = "ch19-Alpha-Mapping", "ch19-Alpha-Mapping\ch19-Alpha-Mapping.vcxproj", "{17F1979F-C137-4A67-B615-0A61D046D4EF}"
EndProject
Project("{8BC9CEB8-8B4A-11D0-8D11-00A0C91BC942}") = "ch20-Bump-Mapping", "ch20-Bump-Mapping\ch20-Bump-Mapping.vcxproj", "{E6458737-0D82-4131-ACE0-73881CFB65B3}"
EndProject
Project("{8BC9CEB8-8B4A-11D0-8D11-00A0C91BC942}") = "ch21-Specular-Mapping", "ch21-Specular-Mapping\ch21-Specular-Mapping.vcxproj", "{2EE490C5-FE63-47CA-9DDD-DE049B45BB1E}"
EndProject
Project("{8BC9CEB8-8B4A-11D0-8D11-00A0C91BC942}") = "ch22-RTT", "ch22-RTT\ch22-RTT.vcxproj", "{D033120D-38B6-4475-8E5F-24A9BC7B711C}"
EndProject
Project("{8BC9CEB8-8B4A-11D0-8D11-00A0C91BC942}") = "ch23-Fog", "ch23-Fog\ch23-Fog.vcxproj", "{4B2DCB0D-1E56-4374-9436-DE1542F9C7EF}"
EndProject
Project("{8BC9CEB8-8B4A-11D0-8D11-00A0C91BC942}") = "ch24-Clipping-Plane", "ch24-Clipping-Plane\ch24-Clipping-Plane.vcxproj", "{EFF4376E-C998-402A-B9CA-6934E46CA6B6}"
EndProject
Project("{8BC9CEB8-8B4A-11D0-8D11-00A0C91BC942}") = "ch25-Texture-Translation", "ch25-Texture-Translation\ch25-Texture-Translation.vcxproj", "{4AB262AC-3BA5-4786-A82C-329FF587FFD5}"
EndProject
Project("{8BC9CEB8-8B4A-11D0-8D11-00A0C91BC942}") = "ch26-Transparency", "ch26-Transparency\ch26-Transparency.vcxproj", "{79F02CC9-6802-458A-AF7E-48683A846AC0}"
EndProject
Project("{8BC9CEB8-8B4A-11D0-8D11-00A0C91BC942}") = "ch27-Reflection", "ch27-Reflection\ch27-Reflection.vcxproj", "{710A140E-91CF-434C-BC59-A9FEC89C411A}"
EndProject
Project("{8BC9CEB8-8B4A-11D0-8D11-00A0C91BC942}") = "ch28-Screen-Fades", "ch28-Screen-Fades\ch28-Screen-Fades.vcxproj", "{CA42D8ED-3645-4F40-803D-4E4BEEBE4239}"
EndProject
Project("{8BC9CEB8-8B4A-11D0-8D11-00A0C91BC942}") = "ch29-Water", "ch29-Water\ch29-Water.vcxproj", "{A7FCD5BC-F4EF-43C6-8AD8-D378CE38E41F}"
EndProject
Project("{8BC9CEB8-8B4A-11D0-8D11-00A0C91BC942}") = "ch30-Multi-Point-Light", "ch30-Multi-Point-Light\ch30-Multi-Point-Light.vcxproj", "{75747FCE-0B50-4A8B-BCC0-FDFC8F93B14C}"
EndProject
Project("{8BC9CEB8-8B4A-11D0-8D11-00A0C91BC942}") = "ch31-3D-Sound", "ch31-3D-Sound\ch31-3D-Sound.vcxproj", "{EFC82F0C-3CC1-4686-BBCA-CB7B7D93B0E5}"
EndProject
Project("{8BC9CEB8-8B4A-11D0-8D11-00A0C91BC942}") = "ch33-Fire", "ch33-Fire\ch33-Fire.vcxproj", "{9696DF6B-F725-41FD-8C6C-67B37E6438BE}"
EndProject
Project("{8BC9CEB8-8B4A-11D0-8D11-00A0C91BC942}") = "ch34-Bilboarding", "ch34-Bilboarding\ch34-Bilboarding.vcxproj", "{094E7E62-273E-4E06-B4B5-1154F44AC208}"
EndProject
Project("{8BC9CEB8-8B4A-11D0-8D11-00A0C91BC942}") = "ch35-Depth-Buffer", "ch35-Depth-Buffer\ch35-Depth-Buffer.vcxproj", "{3AD2EA93-2F20-4A7F-AE5E-0E6D56F4F400}"
EndProject
Project("{8BC9CEB8-8B4A-11D0-8D11-00A0C91BC942}") = "ch36-Blur", "ch36-Blur\ch36-Blur.vcxproj", "{EF31C35A-E5FC-4905-9041-FA2A8486F260}"
EndProject
Project("{8BC9CEB8-8B4A-11D0-8D11-00A0C91BC942}") = "ch37-Instancing", "ch37-Instancing\ch37-Instancing.vcxproj", "{FB7C2DEB-A931-4462-A874-503E26DE1BDA}"
EndProject
Project("{8BC9CEB8-8B4A-11D0-8D11-00A0C91BC942}") = "ch38-Hardware-Tessellation", "ch38-Hardware-Tessellation\ch38-Hardware-Tessellation.vcxproj", "{30183084-48B4-498C-A903-C1C771F2647E}"
EndProject
Project("{8BC9CEB8-8B4A-11D0-8D11-00A0C91BC942}") = "ch39-Particle-Systems", "ch39-Particle-Systems\ch39-Particle-Systems.vcxproj", "{C9C9B4EB-C2A5-45A7-A37C-0E3132782BAE}"
EndProject
Project("{8BC9CEB8-8B4A-11D0-8D11-00A0C91BC942}") = "ch40-Shadow-Mapping", "ch40-Shadow-Mapping\ch40-Shadow-Mapping.vcxproj", "{CF906315-D5AD-42A4-8ECC-3CE8B909357C}"
EndProject
Project("{8BC9CEB8-8B4A-11D0-8D11-00A0C91BC942}") = "ch41-Multi-Light-Shadow", "ch41-Multi-Light-Shadow\ch41-Multi-Light-Shadow.vcxproj", "{E1D703DE-8ADF-4EA5-A441-F01ED125F59A}"
EndProject
Project("{8BC9CEB8-8B4A-11D0-8D11-00A0C91BC942}") = "ch42-Soft-Shadow", "ch42-Soft-Shadow\ch42-Soft-Shadow.vcxproj", "{861A2BFA-CE9D-445E-BE10-6B1967EB0699}"
EndProject
Project("{8BC9CEB8-8B4A-11D0-8D11-00A0C91BC942}") = "ch43-Projective-Texturing", "ch43-Projective-Texturing\ch43-Projective-Texturing.vcxproj", "{0A01440C-FCF7-48E5-8A33-8D43ABF594E3}"
EndProject
Project("{8BC9CEB8-8B4A-11D0-8D11-00A0C91BC942}") = "ch44-Projected-Light", "ch44-Projected-Light\ch44-Projected-Light.vcxproj", "{E81DF7FD-0D25-45C2-9C48-84E40409B550}"
EndProject
Project("{8BC9CEB8-8B4A-11D0-8D11-00A0C91BC942}") = "ch45-Multi-Shader", "ch45-Multi-Shader\ch45-Multi-Shader.vcxproj", "{EE80BAC6-7B9E-4B99-B42B-D153B1EFF502}"
EndProject
Project("{8BC9CEB8-8B4A-11D0-8D11-00A0C91BC942}") = "ch46-Glow", "ch46-Glow\ch46-Glow.vcxproj", "{D6B09897-74E4-48B0-8E0F-0BC154C10459}"
EndProject
Project("{8BC9CEB8-8B4A-11D0-8D11-00A0C91BC942}") = "ch47-Picking", "ch47-Picking\ch47-Picking.vcxproj", "{622BCC20-982A-450D-8B50-7DAE99981743}"
EndProject
Project("{8BC9CEB8-8B4A-11D0-8D11-00A0C91BC942}") = "ch48-Directional-Shadow", "ch48-Directional-Shadow\ch48-Directional-Shadow.vcxproj", "{E6FFC1FF-3FC8-42E2-802E-D09E20B0EF60}"
EndProject
Project("{8BC9CEB8-8B4A-11D0-8D11-00A0C91BC942}") = "ch49-Shadow-Transparency", "ch49-Shadow-Transparency\ch49-Shadow-Transparency.vcxproj", "{9789FA7C-E9AE-436F-9A53-13A64D5C7F81}"
EndProject
Project("{8BC9CEB8-8B4A-11D0-8D11-00A0C91BC942}") = "ch50-Deferred-Shading", "ch50-Deferred-Shading\ch50-Deferred-Shading.vcxproj", "{347549DB-1719-4FBB-A7E3-3F0C5B5E9653}"
EndProject
Project("{8BC9CEB8-8B4A-11D0-8D11-00A0C91BC942}") = "ch32-Glass-Ice", "ch32-Glass-Ice\ch32-Glass-Ice.vcxproj", "{B275FB26-2DA9-4C23-BDD2-F96F4E85C30D}"
EndProject
Global
	GlobalSection(SolutionConfigurationPlatforms) = preSolution
		Debug|Win32 = Debug|Win32
		Release|Win32 = Release|Win32
	EndGlobalSection
	GlobalSection(ProjectConfigurationPlatforms) = postSolution
		{876C5654-278A-4E0A-8B85-2A020A4846C7}.Debug|Win32.ActiveCfg = Debug|Win32
		{876C5654-278A-4E0A-8B85-2A020A4846C7}.Debug|Win32.Build.0 = Debug|Win32
		{876C5654-278A-4E0A-8B85-2A020A4846C7}.Release|Win32.ActiveCfg = Release|Win32
		{876C5654-278A-4E0A-8B85-2A020A4846C7}.Release|Win32.Build.0 = Release|Win32
		{1E5CF7A4-C6DB-401D-84D7-32EE7CD09752}.Debug|Win32.ActiveCfg = Debug|Win32
		{1E5CF7A4-C6DB-401D-84D7-32EE7CD09752}.Debug|Win32.Build.0 = Debug|Win32
		{1E5CF7A4-C6DB-401D-84D7-32EE7CD09752}.Release|Win32.ActiveCfg = Release|Win32
		{1E5CF7A4-C6DB-401D-84D7-32EE7CD09752}.Release|Win32.Build.0 = Release|Win32
		{1A1D8E48-7A8A-40B3-A81E-616CC08E21A5}.Debug|Win32.ActiveCfg = Debug|Win32
		{1A1D8E48-7A8A-40B3-A81E-616CC08E21A5}.Debug|Win32.Build.0 = Debug|Win32
		{1A1D8E48-7A8A-40B3-A81E-616CC08E21A5}.Release|Win32.ActiveCfg = Release|Win32
		{1A1D8E48-7A8A-40B3-A81E-616CC08E21A5}.Release|Win32.Build.0 = Release|Win32
		{4AA5E349-F018-4AB9-BB68-08B269FF091E}.Debug|Win32.ActiveCfg = Debug|Win32
		{4AA5E349-F018-4AB9-BB68-08B269FF091E}.Debug|Win32.Build.0 = Debug|Win32
		{4AA5E349-F018-4AB9-BB68-08B269FF091E}.Release|Win32.ActiveCfg = Release|Win32
		{4AA5E349-F018-4AB9-BB68-08B269FF091E}.Release|Win32.Build.0 = Release|Win32
		{1C58C243-29DE-4FDD-ABA7-D9288AB669BF}.Debug|Win32.ActiveCfg = Debug|Win32
		{1C58C243-29DE-4FDD-ABA7-D9288AB669BF}.Debug|Win32.Build.0 = Debug|Win32
		{1C58C243-29DE-4FDD-ABA7-D9288AB669BF}.Release|Win32.ActiveCfg = Release|Win32
		{1C58C243-29DE-4FDD-ABA7-D9288AB669BF}.Release|Win32.Build.0 = Release|Win32
		{3DE57B4D-960B-4E8A-A51D-13D0E7944916}.Debug|Win32.ActiveCfg = Debug|Win32
		{3DE57B4D-960B-4E8A-A51D-13D0E7944916}.Debug|Win32.Build.0 = Debug|Win32
		{3DE57B4D-960B-4E8A-A51D-13D0E7944916}.Release|Win32.ActiveCfg = Release|Win32
		{3DE57B4D-960B-4E8A-A51D-13D0E7944916}.Release|Win32.Build.0 = Release|Win32
		{5EED0240-D000-438F-9619-3480281BC610}.Debug|Win32.ActiveCfg = Debug|Win32
		{5EED0240-D000-438F-9619-3480281BC610}.Debug|Win32.Build.0 = Debug|Win32
		{5EED0240-D000-438F-9619-3480281BC610}.Release|Win32.ActiveCfg = Release|Win32
		{5EED0240-D000-438F-9619-3480281BC610}.Release|Win32.Build.0 = Release|Win32
		{D768E193-5F12-47D4-A44F-F37E80EBFF6C}.Debug|Win32.ActiveCfg = Debug|Win32
		{D768E193-5F12-47D4-A44F-F37E80EBFF6C}.Debug|Win32.Build.0 = Debug|Win32
		{D768E193-5F12-47D4-A44F-F37E80EBFF6C}.Release|Win32.ActiveCfg = Release|Win32
		{D768E193-5F12-47D4-A44F-F37E80EBFF6C}.Release|Win32.Build.0 = Release|Win32
		{DA95B1E6-66C9-4610-91D9-0F9AFD594B49}.Debug|Win32.ActiveCfg = Debug|Win32
		{DA95B1E6-66C9-4610-91D9-0F9AFD594B49}.Debug|Win32.Build.0 = Debug|Win32
		{DA95B1E6-66C9-4610-91D9-0F9AFD594B49}.Release|Win32.ActiveCfg = Release|Win32
		{DA95B1E6-66C9-4610-91D9-0F9AFD594B49}.Release|Win32.Build.0 = Release|Win32
		{B33031EC-FFA0-46EF-B7B7-1D66BA9E6585}.Debug|Win32.ActiveCfg = Debug|Win32
		{B33031EC-FFA0-46EF-B7B7-1D66BA9E6585}.Debug|Win32.Build.0 = Debug|Win32
		{B33031EC-FFA0-46EF-B7B7-1D66BA9E6585}.Release|Win32.ActiveCfg = Release|Win32
		{B33031EC-FFA0-46EF-B7B7-1D66BA9E6585}.Release|Win32.Build.0 = Release|Win32
		{D3120394-C8AA-467C-987B-ABB4B7AC395C}.Debug|Win32.ActiveCfg = Debug|Win32
		{D3120394-C8AA-467C-987B-ABB4B7AC395C}.Debug|Win32.Build.0 = Debug|Win32
		{D3120394-C8AA-467C-987B-ABB4B7AC395C}.Release|Win32.ActiveCfg = Release|Win32
		{D3120394-C8AA-467C-987B-ABB4B7AC395C}.Release|Win32.Build.0 = Release|Win32
		{378BA311-C4E4-4CF7-98E6-CB58E664CCEE}.Debug|Win32.ActiveCfg = Debug|Win32
		{378BA311-C4E4-4CF7-98E6-CB58E664CCEE}.Debug|Win32.Build.0 = Debug|Win32
		{378BA311-C4E4-4CF7-98E6-CB58E664CCEE}.Release|Win32.ActiveCfg = Release|Win32
		{378BA311-C4E4-4CF7-98E6-CB58E664CCEE}.Release|Win32.Build.0 = Release|Win32
		{B734948C-FB4B-4B91-A138-457BC3ED320E}.Debug|Win32.ActiveCfg = Debug|Win32
		{B734948C-FB4B-4B91-A138-457BC3ED320E}.Debug|Win32.Build.0 = Debug|Win32
		{B734948C-FB4B-4B91-A138-457BC3ED320E}.Release|Win32.ActiveCfg = Release|Win32
		{B734948C-FB4B-4B91-A138-457BC3ED320E}.Release|Win32.Build.0 = Release|Win32
		{EF901BC1-0469-4BA0-B228-4F7679196640}.Debug|Win32.ActiveCfg = Debug|Win32
		{EF901BC1-0469-4BA0-B228-4F7679196640}.Debug|Win32.Build.0 = Debug|Win32
		{EF901BC1-0469-4BA0-B228-4F7679196640}.Release|Win32.ActiveCfg = Release|Win32
		{EF901BC1-0469-4BA0-B228-4F7679196640}.Release|Win32.Build.0 = Release|Win32
		{88AE5FA7-938F-44D4-BCEF-D630374AB71A}.Debug|Win32.ActiveCfg = Debug|Win32
		{88AE5FA7-938F-44D4-BCEF-D630374AB71A}.Debug|Win32.Build.0 = Debug|Win32
		{88AE5FA7-938F-44D4-BCEF-D630374AB71A}.Release|Win32.ActiveCfg = Release|Win32
		{88AE5FA7-938F-44D4-BCEF-D630374AB71A}.Release|Win32.Build.0 = Release|Win32
		{107F625F-AB33-4501-B252-D05F3F2F662E}.Debug|Win32.ActiveCfg = Debug|Win32
		{107F625F-AB33-4501-B252-D05F3F2F662E}.Debug|Win32.Build.0 = Debug|Win32
		{107F625F-AB33-4501-B252-D05F3F2F662E}.Release|Win32.ActiveCfg = Release|Win32
		{107F625F-AB33-4501-B252-D05F3F2F662E}.Release|Win32.Build.0 = Release|Win32
		{B407E3F3-E72C-499F-A9DB-659E76522C08}.Debug|Win32.ActiveCfg = Debug|Win32
		{B407E3F3-E72C-499F-A9DB-659E76522C08}.Debug|Win32.Build.0 = Debug|Win32
		{B407E3F3-E72C-499F-A9DB-659E76522C08}.Release|Win32.ActiveCfg = Release|Win32
		{B407E3F3-E72C-499F-A9DB-659E76522C08}.Release|Win32.Build.0 = Release|Win32
		{B5E36853-B765-4A88-BA32-601ED4848112}.Debug|Win32.ActiveCfg = Debug|Win32
		{B5E36853-B765-4A88-BA32-601ED4848112}.Debug|Win32.Build.0 = Debug|Win32
		{B5E36853-B765-4A88-BA32-601ED4848112}.Release|Win32.ActiveCfg = Release|Win32
		{B5E36853-B765-4A88-BA32-601ED4848112}.Release|Win32.Build.0 = Release|Win32
		{17F1979F-C137-4A67-B615-0A61D046D4EF}.Debug|Win32.ActiveCfg = Debug|Win32
		{17F1979F-C137-4A67-B615-0A61D046D4EF}.Debug|Win32.Build.0 = Debug|Win32
		{17F1979F-C137-4A67-B615-0A61D046D4EF}.Release|Win32.ActiveCfg = Release|Win32
		{17F1979F-C137-4A67-B615-0A61D046D4EF}.Release|Win32.Build.0 = Release|Win32
		{E6458737-0D82-4131-ACE0-73881CFB65B3}.Debug|Win32.ActiveCfg = Debug|Win32
		{E6458737-0D82-4131-ACE0-73881CFB65B3}.Debug|Win32.Build.0 = Debug|Win32
		{E6458737-0D82-4131-ACE0-73881CFB65B3}.Release|Win32.ActiveCfg = Release|Win32
		{E6458737-0D82-4131-ACE0-73881CFB65B3}.Release|Win32.Build.0 = Release|Win32
		{2EE490C5-FE63-47CA-9DDD-DE049B45BB1E}.Debug|Win32.ActiveCfg = Debug|Win32
		{2EE490C5-FE63-47CA-9DDD-DE049B45BB1E}.Debug|Win32.Build.0 = Debug|Win32
		{2EE490C5-FE63-47CA-9DDD-DE049B45BB1E}.Release|Win32.ActiveCfg = Release|Win32
		{2EE490C5-FE63-47CA-9DDD-DE049B45BB1E}.Release|Win32.Build.0 = Release|Win32
		{D033120D-38B6-4475-8E5F-24A9BC7B711C}.Debug|Win32.ActiveCfg = Debug|Win32
		{D033120D-38B6-4475-8E5F-24A9BC7B711C}.Debug|Win32.Build.0 = Debug|Win32
		{D033120D-38B6-4475-8E5F-24A9BC7B711C}.Release|Win32.ActiveCfg = Release|Win32
		{D033120D-38B6-4475-8E5F-24A9BC7B711C}.Release|Win32.Build.0 = Release|Win32
		{4B2DCB0D-1E56-4374-9436-DE1542F9C7EF}.Debug|Win32.ActiveCfg = Debug|Win32
		{4B2DCB0D-1E56-4374-9436-DE1542F9C7EF}.Debug|Win32.Build.0 = Debug|Win32
		{4B2DCB0D-1E56-4374-9436-DE1542F9C7EF}.Release|Win32.ActiveCfg = Release|Win32
		{4B2DCB0D-1E56-4374-9436-DE1542F9C7EF}.Release|Win32.Build.0 = Release|Win32
		{EFF4376E-C998-402A-B9CA-6934E46CA6B6}.Debug|Win32.ActiveCfg = Debug|Win32
		{EFF4376E-C998-402A-B9CA-6934E46CA6B6}.Debug|Win32.Build.0 = Debug|Win32
		{EFF4376E-C998-402A-B9CA-6934E46CA6B6}.Release|Win32.ActiveCfg = Release|Win32
		{EFF4376E-C998-402A-B9CA-6934E46CA6B6}.Release|Win32.Build.0 = Release|Win32
		{4AB262AC-3BA5-4786-A82C-329FF587FFD5}.Debug|Win32.ActiveCfg = Debug|Win32
		{4AB262AC-3BA5-4786-A82C-329FF587FFD5}.Debug|Win32.Build.0 = Debug|Win32
		{4AB262AC-3BA5-4786-A82C-329FF587FFD5}.Release|Win32.ActiveCfg = Release|Win32
		{4AB262AC-3BA5-4786-A82C-329FF587FFD5}.Release|Win32.Build.0 = Release|Win32
		{79F02CC9-6802-458A-AF7E-48683A846AC0}.Debug|Win32.ActiveCfg = Debug|Win32
		{79F02CC9-6802-458A-AF7E-48683A846AC0}.Debug|Win32.Build.0 = Debug|Win32
		{79F02CC9-6802-458A-AF7E-48683A846AC0}.Release|Win32.ActiveCfg = Release|Win32
		{79F02CC9-6802-458A-AF7E-48683A846AC0}.Release|Win32.Build.0 = Release|Win32
		{710A140E-91CF-434C-BC59-A9FEC89C411A}.Debug|Win32.ActiveCfg = Debug|Win32
		{710A140E-91CF-434C-BC59-A9FEC89C411A}.Debug|Win32.Build.0 = Debug|Win32
		{710A140E-91CF-434C-BC59-A9FEC89C411A}.Release|Win32.ActiveCfg = Release|Win32
		{710A140E-91CF-434C-BC59-A9FEC89C411A}.Release|Win32.Build.0 = Release|Win32
		{CA42D8ED-3645-4F40-803D-4E4BEEBE4239}.Debug|Win32.ActiveCfg = Debug|Win32
		{CA42D8ED-3645-4F40-803D-4E4BEEBE4239}.Debug|Win32.Build.0 = Debug|Win32
		{CA42D8ED-3645-4F40-803D-4E4BEEBE4239}.Release|Win32.ActiveCfg = Release|Win32
		{CA42D8ED-3645-4F40-803D-4E4BEEBE4239}.Release|Win32.Build.0 = Release|Win32
		{A7FCD5BC-F4EF-43C6-8AD8-D378CE38E41F}.Debug|Win32.ActiveCfg = Debug|Win32
		{A7FCD5BC-F4EF-43C6-8AD8-D378CE38E41F}.Debug|Win32.Build.0 = Debug|Win32
		{A7FCD5BC-F4EF-43C6-8AD8-D378CE38E41F}.Release|Win32.ActiveCfg = Release|Win32
		{A7FCD5BC-F4EF-43C6-8AD8-D378CE38E41F}.Release|Win32.Build.0 = Release|Win32
		{75747FCE-0B50-4A8B-BCC0-FDFC8F93B14C}.Debug|Win32.ActiveCfg = Debug|Win32
		{75747FCE-0B50-4A8B-BCC0-FDFC8F93B14C}.Debug|Win32.Build.0 = Debug|Win32
		{75747FCE-0B50-4A8B-BCC0-FDFC8F93B14C}.Release|Win32.ActiveCfg = Release|Win32
		{75747FCE-0B50-4A8B-BCC0-FDFC8F93B14C}.Release|Win32.Build.0 = Release|Win32
		{EFC82F0C-3CC1-4686-BBCA-CB7B7D93B0E5}.Debug|Win32.ActiveCfg = Debug|Win32
		{EFC82F0C-3CC1-4686-BBCA-CB7B7D93B0E5}.Debug|Win32.Build.0 = Debug|Win32
		{EFC82F0C-3CC1-4686-BBCA-CB7B7D93B0E5}.Release|Win32.ActiveCfg = Release|Win32
		{EFC82F0C-3CC1-4686-BBCA-CB7B7D93B0E5}.Release|Win32.Build.0 = Release|Win32
		{9696DF6B-F725-41FD-8C6C-67B37E6438BE}.Debug|Win32.ActiveCfg = Debug|Win32
		{9696DF6B-F725-41FD-8C6C-67B37E6438BE}.Debug|Win32.Build.0 = Debug|Win32
		{9696DF6B-F725-41FD-8C6C-67B37E6438BE}.Release|Win32.ActiveCfg = Release|Win32
		{9696DF6B-F725-41FD-8C6C-67B37E6438BE}.Release|Win32.Build.0 = Release|Win32
		{094E7E62-273E-4E06-B4B5-1154F44AC208}.Debug|Win32.ActiveCfg = Debug|Win32
		{094E7E62-273E-4E06-B4B5-1154F44AC208}.Debug|Win32.Build.0 = Debug|Win32
		{094E7E62-273E-4E06-B4B5-1154F44AC208}.Release|Win32.ActiveCfg = Release|Win32
		{094E7E62-273E-4E06-B4B5-1154F44AC208}.Release|Win32.Build.0 = Release|Win32
		{3AD2EA93-2F20-4A7F-AE5E-0E6D56F4F400}.Debug|Win32.ActiveCfg = Debug|Win32
		{3AD2EA93-2F20-4A7F-AE5E-0E6D56F4F400}.Debug|Win32.Build.0 = Debug|Win32
		{3AD2EA93-2F20-4A7F-AE5E-0E6D56F4F400}.Release|Win32.ActiveCfg = Release|Win32
		{3AD2EA93-2F20-4A7F-AE5E-0E6D56F4F400}.Release|Win32.Build.0 = Release|Win32
		{EF31C35A-E5FC-4905-9041-FA2A8486F260}.Debug|Win32.ActiveCfg = Debug|Win32
		{EF31C35A-E5FC-4905-9041-FA2A8486F260}.Debug|Win32.Build.0 = Debug|Win32
		{EF31C35A-E5FC-4905-9041-FA2A8486F260}.Release|Win32.ActiveCfg = Release|Win32
		{EF31C35A-E5FC-4905-9041-FA2A8486F260}.Release|Win32.Build.0 = Release|Win32
		{FB7C2DEB-A931-4462-A874-503E26DE1BDA}.Debug|Win32.ActiveCfg = Debug|Win32
		{FB7C2DEB-A931-4462-A874-503E26DE1BDA}.Debug|Win32.Build.0 = Debug|Win32
		{FB7C2DEB-A931-4462-A874-503E26DE1BDA}.Release|Win32.ActiveCfg = Release|Win32
		{FB7C2DEB-A931-4462-A874-503E26DE1BDA}.Release|Win32.Build.0 = Release|Win32
		{30183084-48B4-498C-A903-C1C771F2647E}.Debug|Win32.ActiveCfg = Debug|Win32
		{30183084-48B4-498C-A903-C1C771F2647E}.Debug|Win32.Build.0 = Debug|Win32
		{30183084-48B4-498C-A903-C1C771F2647E}.Release|Win32.ActiveCfg = Release|Win32
		{30183084-48B4-498C-A903-C1C771F2647E}.Release|Win32.Build.0 = Release|Win32
		{C9C9B4EB-C2A5-45A7-A37C-0E3132782BAE}.Debug|Win32.ActiveCfg = Debug|Win32
		{C9C9B4EB-C2A5-45A7-A37C-0E3132782BAE}.Debug|Win32.Build.0 = Debug|Win32
		{C9C9B4EB-C2A5-45A7-A37C-0E3132782BAE}.Release|Win32.ActiveCfg = Release|Win32
		{C9C9B4EB-C2A5-45A7-A37C-0E3132782BAE}.Release|Win32.Build.0 = Release|Win32
		{CF906315-D5AD-42A4-8ECC-3CE8B909357C}.Debug|Win32.ActiveCfg = Debug|Win32
		{CF906315-D5AD-42A4-8ECC-3CE8B909357C}.Debug|Win32.Build.0 = Debug|Win32
		{CF906315-D5AD-42A4-8ECC-3CE8B909357C}.Release|Win32.ActiveCfg = Release|Win32
		{CF906315-D5AD-42A4-8ECC-3CE8B909357C}.Release|Win32.Build.0 = Release|Win32
		{E1D703DE-8ADF-4EA5-A441-F01ED125F59A}.Debug|Win32.ActiveCfg = Debug|Win32
		{E1D703DE-8ADF-4EA5-A441-F01ED125F59A}.Debug|Win32.Build.0 = Debug|Win32
		{E1D703DE-8ADF-4EA5-A441-F01ED125F59A}.Release|Win32.ActiveCfg = Release|Win32
		{E1D703DE-8ADF-4EA5-A441-F01ED125F59A}.Release|Win32.Build.0 = Release|Win32
		{861A2BFA-CE9D-445E-BE10-6B1967EB0699}.Debug|Win32.ActiveCfg = Debug|Win32
		{861A2BFA-CE9D-445E-BE10-6B1967EB0699}.Debug|Win32.Build.0 = Debug|Win32
		{861A2BFA-CE9D-445E-BE10-6B1967EB0699}.Release|Win32.ActiveCfg = Release|Win32
		{861A2BFA-CE9D-445E-BE10-6B1967EB0699}.Release|Win32.Build.0 = Release|Win32
		{0A01440C-FCF7-48E5-8A33-8D43ABF594E3}.Debug|Win32.ActiveCfg = Debug|Win32
		{0A01440C-FCF7-48E5-8A33-8D43ABF594E3}.Debug|Win32.Build.0 = Debug|Win32
		{0A01440C-FCF7-48E5-8A33-8D43ABF594E3}.Release|Win32.ActiveCfg = Release|Win32
		{0A01440C-FCF7-48E5-8A33-8D43ABF594E3}.Release|Win32.Build.0 = Release|Win32
		{E81DF7FD-0D25-45C2-9C48-84E40409B550}.Debug|Win32.ActiveCfg = Debug|Win32
		{E81DF7FD-0D25-45C2-9C48-84E40409B550}.Debug|Win32.Build.0 = Debug|Win32
		{E81DF7FD-0D25-45C2-9C48-84E40409B550}.Release|Win32.ActiveCfg = Release|Win32
		{E81DF7FD-0D25-45C2-9C48-84E40409B550}.Release|Win32.Build.0 = Release|Win32
		{EE80BAC6-7B9E-4B99-B42B-D153B1EFF502}.Debug|Win32.ActiveCfg = Debug|Win32
		{EE80BAC6-7B9E-4B99-B42B-D153B1EFF502}.Debug|Win32.Build.0 = Debug|Win32
		{EE80BAC6-7B9E-4B99-B42B-D153B1EFF502}.Release|Win32.ActiveCfg = Release|Win32
		{EE80BAC6-7B9E-4B99-B42B-D153B1EFF502}.Release|Win32.Build.0 = Release|Win32
		{D6B09897-74E4-48B0-8E0F-0BC154C10459}.Debug|Win32.ActiveCfg = Debug|Win32
		{D6B09897-74E4-48B0-8E0F-0BC154C10459}.Debug|Win32.Build.0 = Debug|Win32
		{D6B09897-74E4-48B0-8E0F-0BC154C10459}.Release|Win32.ActiveCfg = Release|Win32
		{D6B09897-74E4-48B0-8E0F-0BC154C10459}.Release|Win32.Build.0 = Release|Win32
		{622BCC20-982A-450D-8B50-7DAE99981743}.Debug|Win32.ActiveCfg = Debug|Win32
		{622BCC20-982A-450D-8B50-7DAE99981743}.Debug|Win32.Build.0 = Debug|Win32
		{622BCC20-982A-450D-8B50-7DAE99981743}.Release|Win32.ActiveCfg = Release|Win32
		{622BCC20-982A-450D-8B50-7DAE99981743}.Release|Win32.Build.0 = Release|Win32
		{E6FFC1FF-3FC8-42E2-802E-D09E20B0EF60}.Debug|Win32.ActiveCfg = Debug|Win32
		{E6FFC1FF-3FC8-42E2-802E-D09E20B0EF60}.Debug|Win32.Build.0 = Debug|Win32
		{E6FFC1FF-3FC8-42E2-802E-D09E20B0EF60}.Release|Win32.ActiveCfg = Release|Win32
		{E6FFC1FF-3FC8-42E2-802E-D09E20B0EF60}.Release|Win32.Build.0 = Release|Win32
		{9789FA7C-E9AE-436F-9A53-13A64D5C7F81}.Debug|Win32.ActiveCfg = Debug|Win32
		{9789FA7C-E9AE-436F-9A53-13A64D5C7F81}.Debug|Win32.Build.0 = Debug|Win32
		{9789FA7C-E9AE-436F-9A53-13A64D5C7F81}.Release|Win32.ActiveCfg = Release|Win32
		{9789FA7C-E9AE-436F-9A53-13A64D5C7F81}.Release|Win32.Build.0 = Release|Win32
		{347549DB-1719-4FBB-A7E3-3F0C5B5E9653}.Debug|Win32.ActiveCfg = Debug|Win32
		{347549DB-1719-4FBB-A7E3-3F0C5B5E9653}.Debug|Win32.Build.0 = Debug|Win32
		{347549DB-1719-4FBB-A7E3-3F0C5B5E9653}.Release|Win32.ActiveCfg = Release|Win32
		{347549DB-1719-4FBB-A7E3-3F0C5B5E9653}.Release|Win32.Build.0 = Release|Win32
		{B275FB26-2DA9-4C23-BDD2-F96F4E85C30D}.Debug|Win32.ActiveCfg = Debug|Win32
		{B275FB26-2DA9-4C23-BDD2-F96F4E85C30D}.Debug|Win32.Build.0 = Debug|Win32
		{B275FB26-2DA9-4C23-BDD2-F96F4E85C30D}.Release|Win32.ActiveCfg = Release|Win32
		{B275FB26-2DA9-4C23-BDD2-F96F4E85C30D}.Release|Win32.Build.0 = Release|Win32
	EndGlobalSection
	GlobalSection(SolutionProperties) = preSolution
		HideSolutionNode = FALSE
	EndGlobalSection
EndGlobal
