
Microsoft Visual Studio Solution File, Format Version 12.00
# Visual Studio 2012
Project("{8BC9CEB8-8B4A-11D0-8D11-00A0C91BC942}") = "ch01-Window", "ch01-Window\ch01-Window.vcxproj", "{D3C1379B-7C4C-42A3-AFEA-3F78D522A07C}"
EndProject
Global
	GlobalSection(SolutionConfigurationPlatforms) = preSolution
		Debug|Win32 = Debug|Win32
		Release|Win32 = Release|Win32
	EndGlobalSection
	GlobalSection(ProjectConfigurationPlatforms) = postSolution
		{D3C1379B-7C4C-42A3-AFEA-3F78D522A07C}.Debug|Win32.ActiveCfg = Debug|Win32
		{D3C1379B-7C4C-42A3-AFEA-3F78D522A07C}.Debug|Win32.Build.0 = Debug|Win32
		{D3C1379B-7C4C-42A3-AFEA-3F78D522A07C}.Release|Win32.ActiveCfg = Release|Win32
		{D3C1379B-7C4C-42A3-AFEA-3F78D522A07C}.Release|Win32.Build.0 = Release|Win32
	EndGlobalSection
	GlobalSection(SolutionProperties) = preSolution
		HideSolutionNode = FALSE
	EndGlobalSection
EndGlobal
